// !$*UTF8*$!
{
	archiveVersion = 1;
	classes = {
	};
	objectVersion = 52;
	objects = {

/* Begin PBXBuildFile section */
		00AF6A36AA8CCBDDA2D2EF1B /* CharacterEndpoint.swift in Sources */ = {isa = PBXBuildFile; fileRef = D5696AAB5D54CDDE36179BC0 /* CharacterEndpoint.swift */; };
		05B02470841ACB093C8E5D00 /* Dictionary+Extensions.swift in Sources */ = {isa = PBXBuildFile; fileRef = 02C5E376036759200B01EBE1 /* Dictionary+Extensions.swift */; };
		142F56E45A85855EE6AE2BAB /* AppDelegate.swift in Sources */ = {isa = PBXBuildFile; fileRef = 20022459037253245BB36C67 /* AppDelegate.swift */; };
		1ED3B0CDA9DC880174EB4969 /* NetworkCoreRequestable.swift in Sources */ = {isa = PBXBuildFile; fileRef = EE4CAAFD32C21AACF90CA3A3 /* NetworkCoreRequestable.swift */; };
		1F046B2FCC3B6499567153DE /* Properties.swift in Sources */ = {isa = PBXBuildFile; fileRef = EF6D66E713D380DA322B6265 /* Properties.swift */; };
		2CB799A5297B11C200CB8B4B /* String+Localized.swift in Sources */ = {isa = PBXBuildFile; fileRef = 2CB799A4297B11C200CB8B4B /* String+Localized.swift */; };
		2CB799A7297B11DB00CB8B4B /* Array+Object.swift in Sources */ = {isa = PBXBuildFile; fileRef = 2CB799A6297B11DB00CB8B4B /* Array+Object.swift */; };
		2CB799A9297B11FA00CB8B4B /* UIColor+Extensions.swift in Sources */ = {isa = PBXBuildFile; fileRef = 2CB799A8297B11FA00CB8B4B /* UIColor+Extensions.swift */; };
		2CB799AB297B121400CB8B4B /* NumberFormatter+Extensions.swift in Sources */ = {isa = PBXBuildFile; fileRef = 2CB799AA297B121400CB8B4B /* NumberFormatter+Extensions.swift */; };
		2CB799AF297B134500CB8B4B /* PrimaryButton.swift in Sources */ = {isa = PBXBuildFile; fileRef = 2CB799AE297B134500CB8B4B /* PrimaryButton.swift */; };
		2CB799B2297B139700CB8B4B /* NavigationController.swift in Sources */ = {isa = PBXBuildFile; fileRef = 2CB799B1297B139700CB8B4B /* NavigationController.swift */; };
		2CB799B7297B160D00CB8B4B /* TabBarItem.swift in Sources */ = {isa = PBXBuildFile; fileRef = 2CB799B6297B160D00CB8B4B /* TabBarItem.swift */; };
		2CB799B9297B16B800CB8B4B /* TabBarController.swift in Sources */ = {isa = PBXBuildFile; fileRef = 2CB799B8297B16B800CB8B4B /* TabBarController.swift */; };
		2CB799BB297B16ED00CB8B4B /* ViewControllerBuilder.swift in Sources */ = {isa = PBXBuildFile; fileRef = 2CB799BA297B16ED00CB8B4B /* ViewControllerBuilder.swift */; };
		2CB799BD297B170200CB8B4B /* TabBarControllerBuilder.swift in Sources */ = {isa = PBXBuildFile; fileRef = 2CB799BC297B170200CB8B4B /* TabBarControllerBuilder.swift */; };
		2CB799C0297B1C8700CB8B4B /* HomeViewController.swift in Sources */ = {isa = PBXBuildFile; fileRef = 2CB799BF297B1C8700CB8B4B /* HomeViewController.swift */; };
		2CB799C2297B1DD000CB8B4B /* HomeControllerBuilder.swift in Sources */ = {isa = PBXBuildFile; fileRef = 2CB799C1297B1DD000CB8B4B /* HomeControllerBuilder.swift */; };
		2CB799C6297C5F5A00CB8B4B /* Episodes.swift in Sources */ = {isa = PBXBuildFile; fileRef = 2CB799C5297C5F5A00CB8B4B /* Episodes.swift */; };
		2CB799C8297C5F7A00CB8B4B /* Episode.swift in Sources */ = {isa = PBXBuildFile; fileRef = 2CB799C7297C5F7A00CB8B4B /* Episode.swift */; };
		2CB799CA297C5FC100CB8B4B /* LocationsInfo.swift in Sources */ = {isa = PBXBuildFile; fileRef = 2CB799C9297C5FC100CB8B4B /* LocationsInfo.swift */; };
		2CB799CC297C5FD500CB8B4B /* Location.swift in Sources */ = {isa = PBXBuildFile; fileRef = 2CB799CB297C5FD500CB8B4B /* Location.swift */; };
		2CB799CF297C60AA00CB8B4B /* EpisodesEndpoint.swift in Sources */ = {isa = PBXBuildFile; fileRef = 2CB799CE297C60AA00CB8B4B /* EpisodesEndpoint.swift */; };
		2CB799D1297C64E500CB8B4B /* EpisodesRequest.swift in Sources */ = {isa = PBXBuildFile; fileRef = 2CB799D0297C64E500CB8B4B /* EpisodesRequest.swift */; };
		2CB799D4297C65AA00CB8B4B /* LocationsEndpoint.swift in Sources */ = {isa = PBXBuildFile; fileRef = 2CB799D3297C65AA00CB8B4B /* LocationsEndpoint.swift */; };
		2CB799D6297C65CA00CB8B4B /* LocationRequest.swift in Sources */ = {isa = PBXBuildFile; fileRef = 2CB799D5297C65CA00CB8B4B /* LocationRequest.swift */; };
		2CB799D9297C766B00CB8B4B /* Section.swift in Sources */ = {isa = PBXBuildFile; fileRef = 2CB799D8297C766B00CB8B4B /* Section.swift */; };
		2CB799DE297C790C00CB8B4B /* SectionHeader.swift in Sources */ = {isa = PBXBuildFile; fileRef = 2CB799DD297C790C00CB8B4B /* SectionHeader.swift */; };
		2CB799E0297C7B2400CB8B4B /* HomePresenter.swift in Sources */ = {isa = PBXBuildFile; fileRef = 2CB799DF297C7B2400CB8B4B /* HomePresenter.swift */; };
		2CB799E2297C7B3B00CB8B4B /* HomeProtocols.swift in Sources */ = {isa = PBXBuildFile; fileRef = 2CB799E1297C7B3B00CB8B4B /* HomeProtocols.swift */; };
		2CB799E4297C7C3800CB8B4B /* HomeInteractor.swift in Sources */ = {isa = PBXBuildFile; fileRef = 2CB799E3297C7C3800CB8B4B /* HomeInteractor.swift */; };
		2CB799E6297C7C8400CB8B4B /* HomeRouter.swift in Sources */ = {isa = PBXBuildFile; fileRef = 2CB799E5297C7C8400CB8B4B /* HomeRouter.swift */; };
		2CB799E9297CD59100CB8B4B /* CharacterCell.swift in Sources */ = {isa = PBXBuildFile; fileRef = 2CB799E8297CD59100CB8B4B /* CharacterCell.swift */; };
		2CBC754B297E2CDE00A1E133 /* CharacterDetailSections.swift in Sources */ = {isa = PBXBuildFile; fileRef = 2CBC754A297E2CDE00A1E133 /* CharacterDetailSections.swift */; };
		2CBC754D297E344700A1E133 /* UIStackView+Extensions.swift in Sources */ = {isa = PBXBuildFile; fileRef = 2CBC754C297E344700A1E133 /* UIStackView+Extensions.swift */; };
		2CF3FDBD297CECC50052D3D6 /* ImageDownloader.swift in Sources */ = {isa = PBXBuildFile; fileRef = 2CF3FDBC297CECC50052D3D6 /* ImageDownloader.swift */; };
		2CF3FDBF297D76030052D3D6 /* UIView+Extensions.swift in Sources */ = {isa = PBXBuildFile; fileRef = 2CF3FDBE297D76030052D3D6 /* UIView+Extensions.swift */; };
		2CF3FDC1297D7CEB0052D3D6 /* CustomTextCell.swift in Sources */ = {isa = PBXBuildFile; fileRef = 2CF3FDC0297D7CEB0052D3D6 /* CustomTextCell.swift */; };
		2CF3FDC5297D7E8F0052D3D6 /* UICollectionViewCell+Extensions.swift in Sources */ = {isa = PBXBuildFile; fileRef = 2CF3FDC4297D7E8F0052D3D6 /* UICollectionViewCell+Extensions.swift */; };
		2CF3FDC7297D7F2C0052D3D6 /* UILabel+Extensions.swift in Sources */ = {isa = PBXBuildFile; fileRef = 2CF3FDC6297D7F2C0052D3D6 /* UILabel+Extensions.swift */; };
		2CF3FDC9297D8EE20052D3D6 /* SecondaryButton.swift in Sources */ = {isa = PBXBuildFile; fileRef = 2CF3FDC8297D8EE20052D3D6 /* SecondaryButton.swift */; };
		2CF3FDCC297DA2E00052D3D6 /* CharacterListViewController.swift in Sources */ = {isa = PBXBuildFile; fileRef = 2CF3FDCB297DA2E00052D3D6 /* CharacterListViewController.swift */; };
		2CF3FDCE297DA3570052D3D6 /* CharacterListPresenter.swift in Sources */ = {isa = PBXBuildFile; fileRef = 2CF3FDCD297DA3570052D3D6 /* CharacterListPresenter.swift */; };
		2CF3FDD0297DA3750052D3D6 /* CharacterListInteractor.swift in Sources */ = {isa = PBXBuildFile; fileRef = 2CF3FDCF297DA3750052D3D6 /* CharacterListInteractor.swift */; };
		2CF3FDD2297DA38F0052D3D6 /* CharacterListRouter.swift in Sources */ = {isa = PBXBuildFile; fileRef = 2CF3FDD1297DA38F0052D3D6 /* CharacterListRouter.swift */; };
		2CF3FDD4297DA3A50052D3D6 /* CharacterListProtocols.swift in Sources */ = {isa = PBXBuildFile; fileRef = 2CF3FDD3297DA3A50052D3D6 /* CharacterListProtocols.swift */; };
		2CF3FDD6297DA5C30052D3D6 /* CharacterListControllerBuilder.swift in Sources */ = {isa = PBXBuildFile; fileRef = 2CF3FDD5297DA5C30052D3D6 /* CharacterListControllerBuilder.swift */; };
		2CF3FDDA297DF8960052D3D6 /* SearchViewController.swift in Sources */ = {isa = PBXBuildFile; fileRef = 2CF3FDD9297DF8960052D3D6 /* SearchViewController.swift */; };
		2CF3FDDC297DF9430052D3D6 /* SearchPresenter.swift in Sources */ = {isa = PBXBuildFile; fileRef = 2CF3FDDB297DF9430052D3D6 /* SearchPresenter.swift */; };
		2CF3FDDE297DF9540052D3D6 /* SearchInteractor.swift in Sources */ = {isa = PBXBuildFile; fileRef = 2CF3FDDD297DF9540052D3D6 /* SearchInteractor.swift */; };
		2CF3FDE0297DF9620052D3D6 /* SearchRouter.swift in Sources */ = {isa = PBXBuildFile; fileRef = 2CF3FDDF297DF9620052D3D6 /* SearchRouter.swift */; };
		2CF3FDE2297DF9700052D3D6 /* SearchProtocols.swift in Sources */ = {isa = PBXBuildFile; fileRef = 2CF3FDE1297DF9700052D3D6 /* SearchProtocols.swift */; };
		2CF3FDE4297DFA8A0052D3D6 /* SearchControllerBuilder.swift in Sources */ = {isa = PBXBuildFile; fileRef = 2CF3FDE3297DFA8A0052D3D6 /* SearchControllerBuilder.swift */; };
		2CF3FDE6297DFFDE0052D3D6 /* CharacterSearchDTO.swift in Sources */ = {isa = PBXBuildFile; fileRef = 2CF3FDE5297DFFDE0052D3D6 /* CharacterSearchDTO.swift */; };
		2CF3FDE9297E25560052D3D6 /* CharacterDetailViewController.swift in Sources */ = {isa = PBXBuildFile; fileRef = 2CF3FDE8297E25560052D3D6 /* CharacterDetailViewController.swift */; };
		2CF3FDEB297E256D0052D3D6 /* CharacterDetailPresenter.swift in Sources */ = {isa = PBXBuildFile; fileRef = 2CF3FDEA297E256D0052D3D6 /* CharacterDetailPresenter.swift */; };
		2CF3FDED297E25870052D3D6 /* CharacterDetailInteractor.swift in Sources */ = {isa = PBXBuildFile; fileRef = 2CF3FDEC297E25870052D3D6 /* CharacterDetailInteractor.swift */; };
		2CF3FDEF297E25A40052D3D6 /* CharacterDetailRouter.swift in Sources */ = {isa = PBXBuildFile; fileRef = 2CF3FDEE297E25A40052D3D6 /* CharacterDetailRouter.swift */; };
		2CF3FDF1297E25B30052D3D6 /* CharacterDetailProtocols.swift in Sources */ = {isa = PBXBuildFile; fileRef = 2CF3FDF0297E25B30052D3D6 /* CharacterDetailProtocols.swift */; };
		2CF3FDF3297E25C00052D3D6 /* CharacterDetailControllerBuilder.swift in Sources */ = {isa = PBXBuildFile; fileRef = 2CF3FDF2297E25C00052D3D6 /* CharacterDetailControllerBuilder.swift */; };
		2D64EE12FFDEFAC0299DE849 /* Encodable+Extensions.swift in Sources */ = {isa = PBXBuildFile; fileRef = C23FA92B9F1289842619B250 /* Encodable+Extensions.swift */; };
		304DDB5CDE994B8524D783BA /* Mappable.swift in Sources */ = {isa = PBXBuildFile; fileRef = B29EBCBD5388D61D8FF6C9C0 /* Mappable.swift */; };
		34462FA43FD6C2D1F59E54FF /* DesignTokenObject.swift in Sources */ = {isa = PBXBuildFile; fileRef = 28611B87F99EC73984538D9B /* DesignTokenObject.swift */; };
		44F49AEBE3B25841F30942AD /* NetworkCore+Extensions.swift in Sources */ = {isa = PBXBuildFile; fileRef = E933DDAB3A8B868E8DCB6663 /* NetworkCore+Extensions.swift */; };
		48DFE38481794FCF92CF3963 /* Info.swift in Sources */ = {isa = PBXBuildFile; fileRef = 6D00F838BFE0B0C0682BCB67 /* Info.swift */; };
		545D7C3F9795C3E640951588 /* Assets.xcassets in Resources */ = {isa = PBXBuildFile; fileRef = F0DDD465D4C967A79E122E96 /* Assets.xcassets */; };
		5C1D05738EF69B893041DD2C /* TokenParser.swift in Sources */ = {isa = PBXBuildFile; fileRef = 763BDF588F808BC7E887E4F4 /* TokenParser.swift */; };
		5D2D6ACBDF28533487E1A6F5 /* NetworkCoreTask.swift in Sources */ = {isa = PBXBuildFile; fileRef = E277D82A3BCE8578DA98F2A7 /* NetworkCoreTask.swift */; };
		6FBE68E60848251CC687DA80 /* RickyAndMortyTests.swift in Sources */ = {isa = PBXBuildFile; fileRef = C178E0CD8DA48442B1A6E398 /* RickyAndMortyTests.swift */; };
		74230FEF682D853E940FC57A /* DSFontSize.swift in Sources */ = {isa = PBXBuildFile; fileRef = 7F37FF20DE06CB2456B6258E /* DSFontSize.swift */; };
		7F06C5FF0CA3B0098D106291 /* LaunchScreen.storyboard in Resources */ = {isa = PBXBuildFile; fileRef = C9A0DD4ADB90C09808E1BA1A /* LaunchScreen.storyboard */; };
		7F64346F46D5C0E67598587E /* CharacterLocation.swift in Sources */ = {isa = PBXBuildFile; fileRef = 06E459BBB21870AFDE9E34B0 /* CharacterLocation.swift */; };
		9968045B2048E68986F1B5A7 /* CharacterRequest.swift in Sources */ = {isa = PBXBuildFile; fileRef = 4AC04CD43F737CEACBC8D871 /* CharacterRequest.swift */; };
		9CF34D8EC3387E7221E5C250 /* Component.swift in Sources */ = {isa = PBXBuildFile; fileRef = A3DDFC83D56FBCD897C58662 /* Component.swift */; };
		9F8D0F4C7519F7D09D234A3E /* NetworkCoreConfiguration.swift in Sources */ = {isa = PBXBuildFile; fileRef = 66C7E38BA9DE900BBE75A5D5 /* NetworkCoreConfiguration.swift */; };
		A20E95212995841A6F5A08AE /* DSColor.swift in Sources */ = {isa = PBXBuildFile; fileRef = A19D0CB0DBB459FFCE6D46F6 /* DSColor.swift */; };
		A27BCA4FD03C7EFF16922176 /* NetworkCoreResponse.swift in Sources */ = {isa = PBXBuildFile; fileRef = 7AD0B8974491A596A2DB30F7 /* NetworkCoreResponse.swift */; };
		A37AF3634C081C57EBD922BB /* NetworkCoreMethod.swift in Sources */ = {isa = PBXBuildFile; fileRef = BDBC8216962F7AD1AAC97602 /* NetworkCoreMethod.swift */; };
		AA5D1A62A5267D7168789F06 /* SceneDelegate.swift in Sources */ = {isa = PBXBuildFile; fileRef = 84ECADE6B52E0A809220103D /* SceneDelegate.swift */; };
		B327EC9829922B0D708A16BD /* CharacterOrigin.swift in Sources */ = {isa = PBXBuildFile; fileRef = BB1BAD924DF01FEEDA725326 /* CharacterOrigin.swift */; };
		B4162121767A54AAB2F257F0 /* DSSpacing.swift in Sources */ = {isa = PBXBuildFile; fileRef = 8C39256653F8F28443AA0682 /* DSSpacing.swift */; };
		B530BDEFB63DC05CBC7BA421 /* TokenManager.swift in Sources */ = {isa = PBXBuildFile; fileRef = 37077089E77F4C273325BA7F /* TokenManager.swift */; };
		BFA8EC0B254A052F2E6B5F04 /* TokenCategory.swift in Sources */ = {isa = PBXBuildFile; fileRef = 10E54FC7409A5AD043448925 /* TokenCategory.swift */; };
		CA1A50AF45F14D6E635D4CCD /* CharacterInfo.swift in Sources */ = {isa = PBXBuildFile; fileRef = 54B3A1D133B8211D229E43BA /* CharacterInfo.swift */; };
		D2C7DEDCAB045F21ED610E7D /* NetworkCoreHandler.swift in Sources */ = {isa = PBXBuildFile; fileRef = 74B80595044EB4CD8189B94A /* NetworkCoreHandler.swift */; };
		E30C27D48BB6A38CD3630C82 /* CharacterModel.swift in Sources */ = {isa = PBXBuildFile; fileRef = 68BDD7DD7EBF294618F57383 /* CharacterModel.swift */; };
		E9CEFCD35FC233F692A32B2D /* NetworkCoreEndpoint.swift in Sources */ = {isa = PBXBuildFile; fileRef = C4693DC2E80A905C7A5D8ACC /* NetworkCoreEndpoint.swift */; };
		EAC6121A2CEB2499782D11A5 /* NetworkCoreLogType.swift in Sources */ = {isa = PBXBuildFile; fileRef = EF3D75AEE6F2E2FC10AC206A /* NetworkCoreLogType.swift */; };
		EB17B8EA78EB3CE0A02E1BED /* NetworkCore.swift in Sources */ = {isa = PBXBuildFile; fileRef = AE7F69312A0356E46DF464B4 /* NetworkCore.swift */; };
		F6A28D93DE5E49341287B07C /* TokenType.swift in Sources */ = {isa = PBXBuildFile; fileRef = 74DE6C55086A88951F941E0A /* TokenType.swift */; };
		FEAA180952180C388C374FFF /* DSTokens.json in Resources */ = {isa = PBXBuildFile; fileRef = DD75B04E0434C204097D2F62 /* DSTokens.json */; };
/* End PBXBuildFile section */

/* Begin PBXContainerItemProxy section */
		896C1DA94C32A25716E5D7CE /* PBXContainerItemProxy */ = {
			isa = PBXContainerItemProxy;
			containerPortal = 474DD927C70D7BA7D8B2F549 /* Project object */;
			proxyType = 1;
			remoteGlobalIDString = 86FC803E315EE10FFDE6215C;
			remoteInfo = RickyAndMorty;
		};
/* End PBXContainerItemProxy section */

/* Begin PBXFileReference section */
		02C5E376036759200B01EBE1 /* Dictionary+Extensions.swift */ = {isa = PBXFileReference; lastKnownFileType = sourcecode.swift; path = "Dictionary+Extensions.swift"; sourceTree = "<group>"; };
		065388DC32CE9D9C75F8F65D /* Info.plist */ = {isa = PBXFileReference; lastKnownFileType = text.plist; path = Info.plist; sourceTree = "<group>"; };
		06E459BBB21870AFDE9E34B0 /* CharacterLocation.swift */ = {isa = PBXFileReference; lastKnownFileType = sourcecode.swift; path = CharacterLocation.swift; sourceTree = "<group>"; };
		10E54FC7409A5AD043448925 /* TokenCategory.swift */ = {isa = PBXFileReference; lastKnownFileType = sourcecode.swift; path = TokenCategory.swift; sourceTree = "<group>"; };
		1B3E8E1B0C77B51A2CFA5365 /* RickyAndMortyTests.xctest */ = {isa = PBXFileReference; includeInIndex = 0; lastKnownFileType = wrapper.cfbundle; path = RickyAndMortyTests.xctest; sourceTree = BUILT_PRODUCTS_DIR; };
		20022459037253245BB36C67 /* AppDelegate.swift */ = {isa = PBXFileReference; lastKnownFileType = sourcecode.swift; path = AppDelegate.swift; sourceTree = "<group>"; };
		28611B87F99EC73984538D9B /* DesignTokenObject.swift */ = {isa = PBXFileReference; lastKnownFileType = sourcecode.swift; path = DesignTokenObject.swift; sourceTree = "<group>"; };
		2CB799A4297B11C200CB8B4B /* String+Localized.swift */ = {isa = PBXFileReference; lastKnownFileType = sourcecode.swift; path = "String+Localized.swift"; sourceTree = "<group>"; };
		2CB799A6297B11DB00CB8B4B /* Array+Object.swift */ = {isa = PBXFileReference; lastKnownFileType = sourcecode.swift; path = "Array+Object.swift"; sourceTree = "<group>"; };
		2CB799A8297B11FA00CB8B4B /* UIColor+Extensions.swift */ = {isa = PBXFileReference; lastKnownFileType = sourcecode.swift; path = "UIColor+Extensions.swift"; sourceTree = "<group>"; };
		2CB799AA297B121400CB8B4B /* NumberFormatter+Extensions.swift */ = {isa = PBXFileReference; lastKnownFileType = sourcecode.swift; path = "NumberFormatter+Extensions.swift"; sourceTree = "<group>"; };
		2CB799AE297B134500CB8B4B /* PrimaryButton.swift */ = {isa = PBXFileReference; lastKnownFileType = sourcecode.swift; path = PrimaryButton.swift; sourceTree = "<group>"; };
		2CB799B1297B139700CB8B4B /* NavigationController.swift */ = {isa = PBXFileReference; lastKnownFileType = sourcecode.swift; path = NavigationController.swift; sourceTree = "<group>"; };
		2CB799B6297B160D00CB8B4B /* TabBarItem.swift */ = {isa = PBXFileReference; lastKnownFileType = sourcecode.swift; path = TabBarItem.swift; sourceTree = "<group>"; };
		2CB799B8297B16B800CB8B4B /* TabBarController.swift */ = {isa = PBXFileReference; lastKnownFileType = sourcecode.swift; path = TabBarController.swift; sourceTree = "<group>"; };
		2CB799BA297B16ED00CB8B4B /* ViewControllerBuilder.swift */ = {isa = PBXFileReference; lastKnownFileType = sourcecode.swift; path = ViewControllerBuilder.swift; sourceTree = "<group>"; };
		2CB799BC297B170200CB8B4B /* TabBarControllerBuilder.swift */ = {isa = PBXFileReference; lastKnownFileType = sourcecode.swift; path = TabBarControllerBuilder.swift; sourceTree = "<group>"; };
		2CB799BF297B1C8700CB8B4B /* HomeViewController.swift */ = {isa = PBXFileReference; lastKnownFileType = sourcecode.swift; path = HomeViewController.swift; sourceTree = "<group>"; };
		2CB799C1297B1DD000CB8B4B /* HomeControllerBuilder.swift */ = {isa = PBXFileReference; lastKnownFileType = sourcecode.swift; path = HomeControllerBuilder.swift; sourceTree = "<group>"; };
		2CB799C5297C5F5A00CB8B4B /* Episodes.swift */ = {isa = PBXFileReference; lastKnownFileType = sourcecode.swift; path = Episodes.swift; sourceTree = "<group>"; };
		2CB799C7297C5F7A00CB8B4B /* Episode.swift */ = {isa = PBXFileReference; lastKnownFileType = sourcecode.swift; path = Episode.swift; sourceTree = "<group>"; };
		2CB799C9297C5FC100CB8B4B /* LocationsInfo.swift */ = {isa = PBXFileReference; lastKnownFileType = sourcecode.swift; path = LocationsInfo.swift; sourceTree = "<group>"; };
		2CB799CB297C5FD500CB8B4B /* Location.swift */ = {isa = PBXFileReference; lastKnownFileType = sourcecode.swift; path = Location.swift; sourceTree = "<group>"; };
		2CB799CE297C60AA00CB8B4B /* EpisodesEndpoint.swift */ = {isa = PBXFileReference; lastKnownFileType = sourcecode.swift; path = EpisodesEndpoint.swift; sourceTree = "<group>"; };
		2CB799D0297C64E500CB8B4B /* EpisodesRequest.swift */ = {isa = PBXFileReference; lastKnownFileType = sourcecode.swift; path = EpisodesRequest.swift; sourceTree = "<group>"; };
		2CB799D3297C65AA00CB8B4B /* LocationsEndpoint.swift */ = {isa = PBXFileReference; lastKnownFileType = sourcecode.swift; path = LocationsEndpoint.swift; sourceTree = "<group>"; };
		2CB799D5297C65CA00CB8B4B /* LocationRequest.swift */ = {isa = PBXFileReference; lastKnownFileType = sourcecode.swift; path = LocationRequest.swift; sourceTree = "<group>"; };
		2CB799D8297C766B00CB8B4B /* Section.swift */ = {isa = PBXFileReference; lastKnownFileType = sourcecode.swift; path = Section.swift; sourceTree = "<group>"; };
		2CB799DD297C790C00CB8B4B /* SectionHeader.swift */ = {isa = PBXFileReference; lastKnownFileType = sourcecode.swift; path = SectionHeader.swift; sourceTree = "<group>"; };
		2CB799DF297C7B2400CB8B4B /* HomePresenter.swift */ = {isa = PBXFileReference; lastKnownFileType = sourcecode.swift; path = HomePresenter.swift; sourceTree = "<group>"; };
		2CB799E1297C7B3B00CB8B4B /* HomeProtocols.swift */ = {isa = PBXFileReference; lastKnownFileType = sourcecode.swift; path = HomeProtocols.swift; sourceTree = "<group>"; };
		2CB799E3297C7C3800CB8B4B /* HomeInteractor.swift */ = {isa = PBXFileReference; lastKnownFileType = sourcecode.swift; path = HomeInteractor.swift; sourceTree = "<group>"; };
		2CB799E5297C7C8400CB8B4B /* HomeRouter.swift */ = {isa = PBXFileReference; lastKnownFileType = sourcecode.swift; path = HomeRouter.swift; sourceTree = "<group>"; };
		2CB799E8297CD59100CB8B4B /* CharacterCell.swift */ = {isa = PBXFileReference; lastKnownFileType = sourcecode.swift; path = CharacterCell.swift; sourceTree = "<group>"; };
		2CBC754A297E2CDE00A1E133 /* CharacterDetailSections.swift */ = {isa = PBXFileReference; lastKnownFileType = sourcecode.swift; path = CharacterDetailSections.swift; sourceTree = "<group>"; };
		2CBC754C297E344700A1E133 /* UIStackView+Extensions.swift */ = {isa = PBXFileReference; lastKnownFileType = sourcecode.swift; path = "UIStackView+Extensions.swift"; sourceTree = "<group>"; };
		2CF3FDBC297CECC50052D3D6 /* ImageDownloader.swift */ = {isa = PBXFileReference; lastKnownFileType = sourcecode.swift; path = ImageDownloader.swift; sourceTree = "<group>"; };
		2CF3FDBE297D76030052D3D6 /* UIView+Extensions.swift */ = {isa = PBXFileReference; lastKnownFileType = sourcecode.swift; path = "UIView+Extensions.swift"; sourceTree = "<group>"; };
		2CF3FDC0297D7CEB0052D3D6 /* CustomTextCell.swift */ = {isa = PBXFileReference; lastKnownFileType = sourcecode.swift; path = CustomTextCell.swift; sourceTree = "<group>"; };
		2CF3FDC4297D7E8F0052D3D6 /* UICollectionViewCell+Extensions.swift */ = {isa = PBXFileReference; lastKnownFileType = sourcecode.swift; path = "UICollectionViewCell+Extensions.swift"; sourceTree = "<group>"; };
		2CF3FDC6297D7F2C0052D3D6 /* UILabel+Extensions.swift */ = {isa = PBXFileReference; lastKnownFileType = sourcecode.swift; path = "UILabel+Extensions.swift"; sourceTree = "<group>"; };
		2CF3FDC8297D8EE20052D3D6 /* SecondaryButton.swift */ = {isa = PBXFileReference; lastKnownFileType = sourcecode.swift; path = SecondaryButton.swift; sourceTree = "<group>"; };
		2CF3FDCB297DA2E00052D3D6 /* CharacterListViewController.swift */ = {isa = PBXFileReference; lastKnownFileType = sourcecode.swift; path = CharacterListViewController.swift; sourceTree = "<group>"; };
		2CF3FDCD297DA3570052D3D6 /* CharacterListPresenter.swift */ = {isa = PBXFileReference; lastKnownFileType = sourcecode.swift; path = CharacterListPresenter.swift; sourceTree = "<group>"; };
		2CF3FDCF297DA3750052D3D6 /* CharacterListInteractor.swift */ = {isa = PBXFileReference; lastKnownFileType = sourcecode.swift; path = CharacterListInteractor.swift; sourceTree = "<group>"; };
		2CF3FDD1297DA38F0052D3D6 /* CharacterListRouter.swift */ = {isa = PBXFileReference; lastKnownFileType = sourcecode.swift; path = CharacterListRouter.swift; sourceTree = "<group>"; };
		2CF3FDD3297DA3A50052D3D6 /* CharacterListProtocols.swift */ = {isa = PBXFileReference; lastKnownFileType = sourcecode.swift; path = CharacterListProtocols.swift; sourceTree = "<group>"; };
		2CF3FDD5297DA5C30052D3D6 /* CharacterListControllerBuilder.swift */ = {isa = PBXFileReference; lastKnownFileType = sourcecode.swift; path = CharacterListControllerBuilder.swift; sourceTree = "<group>"; };
		2CF3FDD9297DF8960052D3D6 /* SearchViewController.swift */ = {isa = PBXFileReference; lastKnownFileType = sourcecode.swift; path = SearchViewController.swift; sourceTree = "<group>"; };
		2CF3FDDB297DF9430052D3D6 /* SearchPresenter.swift */ = {isa = PBXFileReference; lastKnownFileType = sourcecode.swift; path = SearchPresenter.swift; sourceTree = "<group>"; };
		2CF3FDDD297DF9540052D3D6 /* SearchInteractor.swift */ = {isa = PBXFileReference; lastKnownFileType = sourcecode.swift; path = SearchInteractor.swift; sourceTree = "<group>"; };
		2CF3FDDF297DF9620052D3D6 /* SearchRouter.swift */ = {isa = PBXFileReference; lastKnownFileType = sourcecode.swift; path = SearchRouter.swift; sourceTree = "<group>"; };
		2CF3FDE1297DF9700052D3D6 /* SearchProtocols.swift */ = {isa = PBXFileReference; lastKnownFileType = sourcecode.swift; path = SearchProtocols.swift; sourceTree = "<group>"; };
		2CF3FDE3297DFA8A0052D3D6 /* SearchControllerBuilder.swift */ = {isa = PBXFileReference; lastKnownFileType = sourcecode.swift; path = SearchControllerBuilder.swift; sourceTree = "<group>"; };
		2CF3FDE5297DFFDE0052D3D6 /* CharacterSearchDTO.swift */ = {isa = PBXFileReference; lastKnownFileType = sourcecode.swift; path = CharacterSearchDTO.swift; sourceTree = "<group>"; };
		2CF3FDE8297E25560052D3D6 /* CharacterDetailViewController.swift */ = {isa = PBXFileReference; lastKnownFileType = sourcecode.swift; path = CharacterDetailViewController.swift; sourceTree = "<group>"; };
		2CF3FDEA297E256D0052D3D6 /* CharacterDetailPresenter.swift */ = {isa = PBXFileReference; lastKnownFileType = sourcecode.swift; path = CharacterDetailPresenter.swift; sourceTree = "<group>"; };
		2CF3FDEC297E25870052D3D6 /* CharacterDetailInteractor.swift */ = {isa = PBXFileReference; lastKnownFileType = sourcecode.swift; path = CharacterDetailInteractor.swift; sourceTree = "<group>"; };
		2CF3FDEE297E25A40052D3D6 /* CharacterDetailRouter.swift */ = {isa = PBXFileReference; lastKnownFileType = sourcecode.swift; path = CharacterDetailRouter.swift; sourceTree = "<group>"; };
		2CF3FDF0297E25B30052D3D6 /* CharacterDetailProtocols.swift */ = {isa = PBXFileReference; lastKnownFileType = sourcecode.swift; path = CharacterDetailProtocols.swift; sourceTree = "<group>"; };
		2CF3FDF2297E25C00052D3D6 /* CharacterDetailControllerBuilder.swift */ = {isa = PBXFileReference; lastKnownFileType = sourcecode.swift; path = CharacterDetailControllerBuilder.swift; sourceTree = "<group>"; };
		37077089E77F4C273325BA7F /* TokenManager.swift */ = {isa = PBXFileReference; lastKnownFileType = sourcecode.swift; path = TokenManager.swift; sourceTree = "<group>"; };
		4A77B4CC77B82FC5FD2B610C /* Base */ = {isa = PBXFileReference; lastKnownFileType = file.storyboard; name = Base; path = Base.lproj/LaunchScreen.storyboard; sourceTree = "<group>"; };
		4AC04CD43F737CEACBC8D871 /* CharacterRequest.swift */ = {isa = PBXFileReference; lastKnownFileType = sourcecode.swift; path = CharacterRequest.swift; sourceTree = "<group>"; };
		54B3A1D133B8211D229E43BA /* CharacterInfo.swift */ = {isa = PBXFileReference; lastKnownFileType = sourcecode.swift; path = CharacterInfo.swift; sourceTree = "<group>"; };
		66C7E38BA9DE900BBE75A5D5 /* NetworkCoreConfiguration.swift */ = {isa = PBXFileReference; lastKnownFileType = sourcecode.swift; path = NetworkCoreConfiguration.swift; sourceTree = "<group>"; };
		68BDD7DD7EBF294618F57383 /* CharacterModel.swift */ = {isa = PBXFileReference; lastKnownFileType = sourcecode.swift; path = CharacterModel.swift; sourceTree = "<group>"; };
		6D00F838BFE0B0C0682BCB67 /* Info.swift */ = {isa = PBXFileReference; lastKnownFileType = sourcecode.swift; path = Info.swift; sourceTree = "<group>"; };
		74B80595044EB4CD8189B94A /* NetworkCoreHandler.swift */ = {isa = PBXFileReference; lastKnownFileType = sourcecode.swift; path = NetworkCoreHandler.swift; sourceTree = "<group>"; };
		74DE6C55086A88951F941E0A /* TokenType.swift */ = {isa = PBXFileReference; lastKnownFileType = sourcecode.swift; path = TokenType.swift; sourceTree = "<group>"; };
		763BDF588F808BC7E887E4F4 /* TokenParser.swift */ = {isa = PBXFileReference; lastKnownFileType = sourcecode.swift; path = TokenParser.swift; sourceTree = "<group>"; };
		7AD0B8974491A596A2DB30F7 /* NetworkCoreResponse.swift */ = {isa = PBXFileReference; lastKnownFileType = sourcecode.swift; path = NetworkCoreResponse.swift; sourceTree = "<group>"; };
		7F37FF20DE06CB2456B6258E /* DSFontSize.swift */ = {isa = PBXFileReference; lastKnownFileType = sourcecode.swift; path = DSFontSize.swift; sourceTree = "<group>"; };
		84ECADE6B52E0A809220103D /* SceneDelegate.swift */ = {isa = PBXFileReference; lastKnownFileType = sourcecode.swift; path = SceneDelegate.swift; sourceTree = "<group>"; };
		8C39256653F8F28443AA0682 /* DSSpacing.swift */ = {isa = PBXFileReference; lastKnownFileType = sourcecode.swift; path = DSSpacing.swift; sourceTree = "<group>"; };
		A19D0CB0DBB459FFCE6D46F6 /* DSColor.swift */ = {isa = PBXFileReference; lastKnownFileType = sourcecode.swift; path = DSColor.swift; sourceTree = "<group>"; };
		A3DDFC83D56FBCD897C58662 /* Component.swift */ = {isa = PBXFileReference; lastKnownFileType = sourcecode.swift; path = Component.swift; sourceTree = "<group>"; };
		AE7F69312A0356E46DF464B4 /* NetworkCore.swift */ = {isa = PBXFileReference; lastKnownFileType = sourcecode.swift; path = NetworkCore.swift; sourceTree = "<group>"; };
		B29EBCBD5388D61D8FF6C9C0 /* Mappable.swift */ = {isa = PBXFileReference; lastKnownFileType = sourcecode.swift; path = Mappable.swift; sourceTree = "<group>"; };
		BB1BAD924DF01FEEDA725326 /* CharacterOrigin.swift */ = {isa = PBXFileReference; lastKnownFileType = sourcecode.swift; path = CharacterOrigin.swift; sourceTree = "<group>"; };
		BDBC8216962F7AD1AAC97602 /* NetworkCoreMethod.swift */ = {isa = PBXFileReference; lastKnownFileType = sourcecode.swift; path = NetworkCoreMethod.swift; sourceTree = "<group>"; };
		C178E0CD8DA48442B1A6E398 /* RickyAndMortyTests.swift */ = {isa = PBXFileReference; lastKnownFileType = sourcecode.swift; path = RickyAndMortyTests.swift; sourceTree = "<group>"; };
		C23FA92B9F1289842619B250 /* Encodable+Extensions.swift */ = {isa = PBXFileReference; lastKnownFileType = sourcecode.swift; path = "Encodable+Extensions.swift"; sourceTree = "<group>"; };
		C4693DC2E80A905C7A5D8ACC /* NetworkCoreEndpoint.swift */ = {isa = PBXFileReference; lastKnownFileType = sourcecode.swift; path = NetworkCoreEndpoint.swift; sourceTree = "<group>"; };
		D5696AAB5D54CDDE36179BC0 /* CharacterEndpoint.swift */ = {isa = PBXFileReference; lastKnownFileType = sourcecode.swift; path = CharacterEndpoint.swift; sourceTree = "<group>"; };
		D5DC9A744FA23CDA4A1E7082 /* RickyAndMorty.app */ = {isa = PBXFileReference; explicitFileType = wrapper.application; includeInIndex = 0; path = RickyAndMorty.app; sourceTree = BUILT_PRODUCTS_DIR; };
		DD75B04E0434C204097D2F62 /* DSTokens.json */ = {isa = PBXFileReference; lastKnownFileType = text.json; path = DSTokens.json; sourceTree = "<group>"; };
		E277D82A3BCE8578DA98F2A7 /* NetworkCoreTask.swift */ = {isa = PBXFileReference; lastKnownFileType = sourcecode.swift; path = NetworkCoreTask.swift; sourceTree = "<group>"; };
		E933DDAB3A8B868E8DCB6663 /* NetworkCore+Extensions.swift */ = {isa = PBXFileReference; lastKnownFileType = sourcecode.swift; path = "NetworkCore+Extensions.swift"; sourceTree = "<group>"; };
		EE4CAAFD32C21AACF90CA3A3 /* NetworkCoreRequestable.swift */ = {isa = PBXFileReference; lastKnownFileType = sourcecode.swift; path = NetworkCoreRequestable.swift; sourceTree = "<group>"; };
		EF3D75AEE6F2E2FC10AC206A /* NetworkCoreLogType.swift */ = {isa = PBXFileReference; lastKnownFileType = sourcecode.swift; path = NetworkCoreLogType.swift; sourceTree = "<group>"; };
		EF6D66E713D380DA322B6265 /* Properties.swift */ = {isa = PBXFileReference; lastKnownFileType = sourcecode.swift; path = Properties.swift; sourceTree = "<group>"; };
		F0DDD465D4C967A79E122E96 /* Assets.xcassets */ = {isa = PBXFileReference; lastKnownFileType = folder.assetcatalog; path = Assets.xcassets; sourceTree = "<group>"; };
/* End PBXFileReference section */

/* Begin PBXGroup section */
		07800B8771538FD110D8674A /* Spacing */ = {
			isa = PBXGroup;
			children = (
				8C39256653F8F28443AA0682 /* DSSpacing.swift */,
			);
			path = Spacing;
			sourceTree = "<group>";
		};
		0D52F3B6035D542F1D7F731F /* CharacterRequest */ = {
			isa = PBXGroup;
			children = (
				D5696AAB5D54CDDE36179BC0 /* CharacterEndpoint.swift */,
				4AC04CD43F737CEACBC8D871 /* CharacterRequest.swift */,
				2CF3FDE5297DFFDE0052D3D6 /* CharacterSearchDTO.swift */,
			);
			path = CharacterRequest;
			sourceTree = "<group>";
		};
		0FB6BAC65999EA7BFD64AF40 /* Requests */ = {
			isa = PBXGroup;
			children = (
				2CB799D2297C656200CB8B4B /* LocationRequest */,
				2CB799CD297C609000CB8B4B /* EpisodesRequest */,
				0D52F3B6035D542F1D7F731F /* CharacterRequest */,
			);
			path = Requests;
			sourceTree = "<group>";
		};
		16E59F1DB04B850B7B5410C4 = {
			isa = PBXGroup;
			children = (
				46220A8FD801D3F600ADFC8D /* RickyAndMorty */,
				478AE1314DFA9DCC6FE724FD /* RickyAndMortyTests */,
				1BD2841B8FC2FD72B741156B /* Products */,
			);
			sourceTree = "<group>";
		};
		1BD2841B8FC2FD72B741156B /* Products */ = {
			isa = PBXGroup;
			children = (
				D5DC9A744FA23CDA4A1E7082 /* RickyAndMorty.app */,
				1B3E8E1B0C77B51A2CFA5365 /* RickyAndMortyTests.xctest */,
			);
			name = Products;
			sourceTree = "<group>";
		};
		1FF60ED975C5BC5B37906818 /* Mappable */ = {
			isa = PBXGroup;
			children = (
				B29EBCBD5388D61D8FF6C9C0 /* Mappable.swift */,
			);
			path = Mappable;
			sourceTree = "<group>";
		};
		293279D93BC977AB6742A91A /* Protocols */ = {
			isa = PBXGroup;
			children = (
				C4693DC2E80A905C7A5D8ACC /* NetworkCoreEndpoint.swift */,
				EE4CAAFD32C21AACF90CA3A3 /* NetworkCoreRequestable.swift */,
			);
			path = Protocols;
			sourceTree = "<group>";
		};
		2CB799AC297B130B00CB8B4B /* Components */ = {
			isa = PBXGroup;
			children = (
				2CB799E7297C811D00CB8B4B /* ComponentCell */,
				2CB799DC297C78EB00CB8B4B /* SectionHeader */,
				2CB799B0297B135900CB8B4B /* NavigationController */,
				2CB799AD297B132800CB8B4B /* Button */,
			);
			path = Components;
			sourceTree = "<group>";
		};
		2CB799AD297B132800CB8B4B /* Button */ = {
			isa = PBXGroup;
			children = (
				2CB799AE297B134500CB8B4B /* PrimaryButton.swift */,
				2CF3FDC8297D8EE20052D3D6 /* SecondaryButton.swift */,
			);
			path = Button;
			sourceTree = "<group>";
		};
		2CB799B0297B135900CB8B4B /* NavigationController */ = {
			isa = PBXGroup;
			children = (
				2CB799B1297B139700CB8B4B /* NavigationController.swift */,
			);
			path = NavigationController;
			sourceTree = "<group>";
		};
		2CB799B4297B14E200CB8B4B /* Controllers */ = {
			isa = PBXGroup;
			children = (
				2CF3FDE7297E25450052D3D6 /* CharacterDetailController */,
				2CF3FDD8297DB9AA0052D3D6 /* SearchController */,
				2CF3FDCA297DA2B80052D3D6 /* CharactersListController */,
				2CB799BE297B1C7B00CB8B4B /* HomeViewController */,
				2CB799B5297B14E600CB8B4B /* TabbarController */,
			);
			path = Controllers;
			sourceTree = "<group>";
		};
		2CB799B5297B14E600CB8B4B /* TabbarController */ = {
			isa = PBXGroup;
			children = (
				2CB799B6297B160D00CB8B4B /* TabBarItem.swift */,
				2CB799B8297B16B800CB8B4B /* TabBarController.swift */,
				2CB799BC297B170200CB8B4B /* TabBarControllerBuilder.swift */,
			);
			path = TabbarController;
			sourceTree = "<group>";
		};
		2CB799BE297B1C7B00CB8B4B /* HomeViewController */ = {
			isa = PBXGroup;
			children = (
				2CB799D7297C765F00CB8B4B /* Models */,
				2CB799BF297B1C8700CB8B4B /* HomeViewController.swift */,
				2CB799DF297C7B2400CB8B4B /* HomePresenter.swift */,
				2CB799E1297C7B3B00CB8B4B /* HomeProtocols.swift */,
				2CB799E3297C7C3800CB8B4B /* HomeInteractor.swift */,
				2CB799E5297C7C8400CB8B4B /* HomeRouter.swift */,
				2CB799C1297B1DD000CB8B4B /* HomeControllerBuilder.swift */,
			);
			path = HomeViewController;
			sourceTree = "<group>";
		};
		2CB799C3297C5F3200CB8B4B /* Location */ = {
			isa = PBXGroup;
			children = (
				2CB799C9297C5FC100CB8B4B /* LocationsInfo.swift */,
				2CB799CB297C5FD500CB8B4B /* Location.swift */,
			);
			path = Location;
			sourceTree = "<group>";
		};
		2CB799C4297C5F3B00CB8B4B /* Episode */ = {
			isa = PBXGroup;
			children = (
				2CB799C5297C5F5A00CB8B4B /* Episodes.swift */,
				2CB799C7297C5F7A00CB8B4B /* Episode.swift */,
			);
			path = Episode;
			sourceTree = "<group>";
		};
		2CB799CD297C609000CB8B4B /* EpisodesRequest */ = {
			isa = PBXGroup;
			children = (
				2CB799CE297C60AA00CB8B4B /* EpisodesEndpoint.swift */,
				2CB799D0297C64E500CB8B4B /* EpisodesRequest.swift */,
			);
			path = EpisodesRequest;
			sourceTree = "<group>";
		};
		2CB799D2297C656200CB8B4B /* LocationRequest */ = {
			isa = PBXGroup;
			children = (
				2CB799D3297C65AA00CB8B4B /* LocationsEndpoint.swift */,
				2CB799D5297C65CA00CB8B4B /* LocationRequest.swift */,
			);
			path = LocationRequest;
			sourceTree = "<group>";
		};
		2CB799D7297C765F00CB8B4B /* Models */ = {
			isa = PBXGroup;
			children = (
				2CB799D8297C766B00CB8B4B /* Section.swift */,
			);
			path = Models;
			sourceTree = "<group>";
		};
		2CB799DC297C78EB00CB8B4B /* SectionHeader */ = {
			isa = PBXGroup;
			children = (
				2CB799DD297C790C00CB8B4B /* SectionHeader.swift */,
			);
			path = SectionHeader;
			sourceTree = "<group>";
		};
		2CB799E7297C811D00CB8B4B /* ComponentCell */ = {
			isa = PBXGroup;
			children = (
				2CB799E8297CD59100CB8B4B /* CharacterCell.swift */,
				2CF3FDC0297D7CEB0052D3D6 /* CustomTextCell.swift */,
			);
			path = ComponentCell;
			sourceTree = "<group>";
		};
		2CBC7549297E2CCD00A1E133 /* Models */ = {
			isa = PBXGroup;
			children = (
				2CBC754A297E2CDE00A1E133 /* CharacterDetailSections.swift */,
			);
			path = Models;
			sourceTree = "<group>";
		};
		2CF3FDCA297DA2B80052D3D6 /* CharactersListController */ = {
			isa = PBXGroup;
			children = (
				2CF3FDCB297DA2E00052D3D6 /* CharacterListViewController.swift */,
				2CF3FDCD297DA3570052D3D6 /* CharacterListPresenter.swift */,
				2CF3FDCF297DA3750052D3D6 /* CharacterListInteractor.swift */,
				2CF3FDD1297DA38F0052D3D6 /* CharacterListRouter.swift */,
				2CF3FDD3297DA3A50052D3D6 /* CharacterListProtocols.swift */,
				2CF3FDD5297DA5C30052D3D6 /* CharacterListControllerBuilder.swift */,
			);
			path = CharactersListController;
			sourceTree = "<group>";
		};
		2CF3FDD8297DB9AA0052D3D6 /* SearchController */ = {
			isa = PBXGroup;
			children = (
				2CF3FDD9297DF8960052D3D6 /* SearchViewController.swift */,
				2CF3FDDB297DF9430052D3D6 /* SearchPresenter.swift */,
				2CF3FDDD297DF9540052D3D6 /* SearchInteractor.swift */,
				2CF3FDDF297DF9620052D3D6 /* SearchRouter.swift */,
				2CF3FDE1297DF9700052D3D6 /* SearchProtocols.swift */,
				2CF3FDE3297DFA8A0052D3D6 /* SearchControllerBuilder.swift */,
			);
			path = SearchController;
			sourceTree = "<group>";
		};
		2CF3FDE7297E25450052D3D6 /* CharacterDetailController */ = {
			isa = PBXGroup;
			children = (
				2CBC7549297E2CCD00A1E133 /* Models */,
				2CF3FDE8297E25560052D3D6 /* CharacterDetailViewController.swift */,
				2CF3FDEA297E256D0052D3D6 /* CharacterDetailPresenter.swift */,
				2CF3FDEC297E25870052D3D6 /* CharacterDetailInteractor.swift */,
				2CF3FDEE297E25A40052D3D6 /* CharacterDetailRouter.swift */,
				2CF3FDF0297E25B30052D3D6 /* CharacterDetailProtocols.swift */,
				2CF3FDF2297E25C00052D3D6 /* CharacterDetailControllerBuilder.swift */,
			);
			path = CharacterDetailController;
			sourceTree = "<group>";
		};
		3790C4C9A5BCA9664E46E260 /* Extensions */ = {
			isa = PBXGroup;
			children = (
				02C5E376036759200B01EBE1 /* Dictionary+Extensions.swift */,
				C23FA92B9F1289842619B250 /* Encodable+Extensions.swift */,
				2CB799A4297B11C200CB8B4B /* String+Localized.swift */,
				2CB799A6297B11DB00CB8B4B /* Array+Object.swift */,
				2CB799A8297B11FA00CB8B4B /* UIColor+Extensions.swift */,
				2CB799AA297B121400CB8B4B /* NumberFormatter+Extensions.swift */,
				2CF3FDBE297D76030052D3D6 /* UIView+Extensions.swift */,
				2CF3FDC4297D7E8F0052D3D6 /* UICollectionViewCell+Extensions.swift */,
				2CF3FDC6297D7F2C0052D3D6 /* UILabel+Extensions.swift */,
				2CBC754C297E344700A1E133 /* UIStackView+Extensions.swift */,
			);
			path = Extensions;
			sourceTree = "<group>";
		};
		38F99A978B6DCA3AA97489DE /* Character */ = {
			isa = PBXGroup;
			children = (
				54B3A1D133B8211D229E43BA /* CharacterInfo.swift */,
				06E459BBB21870AFDE9E34B0 /* CharacterLocation.swift */,
				68BDD7DD7EBF294618F57383 /* CharacterModel.swift */,
				BB1BAD924DF01FEEDA725326 /* CharacterOrigin.swift */,
			);
			path = Character;
			sourceTree = "<group>";
		};
		425BE6273BDEECB5DF0C5CC5 /* DesignSystem */ = {
			isa = PBXGroup;
			children = (
				2CB799AC297B130B00CB8B4B /* Components */,
				DD75B04E0434C204097D2F62 /* DSTokens.json */,
				89ACFCF3BE1EF1019E4F2522 /* DSComponent */,
				EA5E0EC59C285FCFFD7A3DED /* TokenParser */,
			);
			path = DesignSystem;
			sourceTree = "<group>";
		};
		46220A8FD801D3F600ADFC8D /* RickyAndMorty */ = {
			isa = PBXGroup;
			children = (
				2CB799B4297B14E200CB8B4B /* Controllers */,
				6A05BDB094C2B9D674B55F9D /* Assets */,
				425BE6273BDEECB5DF0C5CC5 /* DesignSystem */,
				D4F6F317290C54081742E5C8 /* Main */,
				C4FD44193503D878A7C2CCA2 /* Models */,
				D2D13CA795788EF300DCB241 /* Network */,
				EDF8A6E5AB2C66DB3C685A12 /* SupportingFiles */,
				E9FF37BF42DCDAB0838EBB59 /* Utils */,
			);
			path = RickyAndMorty;
			sourceTree = "<group>";
		};
		478AE1314DFA9DCC6FE724FD /* RickyAndMortyTests */ = {
			isa = PBXGroup;
			children = (
				C178E0CD8DA48442B1A6E398 /* RickyAndMortyTests.swift */,
			);
			path = RickyAndMortyTests;
			sourceTree = "<group>";
		};
		65726B7CF8976C3D64686190 /* FontSize */ = {
			isa = PBXGroup;
			children = (
				7F37FF20DE06CB2456B6258E /* DSFontSize.swift */,
			);
			path = FontSize;
			sourceTree = "<group>";
		};
		6A05BDB094C2B9D674B55F9D /* Assets */ = {
			isa = PBXGroup;
			children = (
				F0DDD465D4C967A79E122E96 /* Assets.xcassets */,
				C9A0DD4ADB90C09808E1BA1A /* LaunchScreen.storyboard */,
			);
			path = Assets;
			sourceTree = "<group>";
		};
		89ACFCF3BE1EF1019E4F2522 /* DSComponent */ = {
			isa = PBXGroup;
			children = (
				A3DDFC83D56FBCD897C58662 /* Component.swift */,
				EF6D66E713D380DA322B6265 /* Properties.swift */,
				10E54FC7409A5AD043448925 /* TokenCategory.swift */,
				74DE6C55086A88951F941E0A /* TokenType.swift */,
				F10C64328375F8FB50FD84E4 /* Color */,
				65726B7CF8976C3D64686190 /* FontSize */,
				07800B8771538FD110D8674A /* Spacing */,
			);
			path = DSComponent;
			sourceTree = "<group>";
		};
		C4FD44193503D878A7C2CCA2 /* Models */ = {
			isa = PBXGroup;
			children = (
				2CB799C4297C5F3B00CB8B4B /* Episode */,
				2CB799C3297C5F3200CB8B4B /* Location */,
				38F99A978B6DCA3AA97489DE /* Character */,
			);
			path = Models;
			sourceTree = "<group>";
		};
		CA54A120F36171B61D9D14FF /* Models */ = {
			isa = PBXGroup;
			children = (
				6D00F838BFE0B0C0682BCB67 /* Info.swift */,
				66C7E38BA9DE900BBE75A5D5 /* NetworkCoreConfiguration.swift */,
				7AD0B8974491A596A2DB30F7 /* NetworkCoreResponse.swift */,
			);
			path = Models;
			sourceTree = "<group>";
		};
		D2D13CA795788EF300DCB241 /* Network */ = {
			isa = PBXGroup;
			children = (
				AE7F69312A0356E46DF464B4 /* NetworkCore.swift */,
				E933DDAB3A8B868E8DCB6663 /* NetworkCore+Extensions.swift */,
				D36D88DF166751D6824E043A /* Enums */,
				CA54A120F36171B61D9D14FF /* Models */,
				293279D93BC977AB6742A91A /* Protocols */,
				0FB6BAC65999EA7BFD64AF40 /* Requests */,
				2CF3FDBC297CECC50052D3D6 /* ImageDownloader.swift */,
			);
			path = Network;
			sourceTree = "<group>";
		};
		D36D88DF166751D6824E043A /* Enums */ = {
			isa = PBXGroup;
			children = (
				74B80595044EB4CD8189B94A /* NetworkCoreHandler.swift */,
				EF3D75AEE6F2E2FC10AC206A /* NetworkCoreLogType.swift */,
				BDBC8216962F7AD1AAC97602 /* NetworkCoreMethod.swift */,
				E277D82A3BCE8578DA98F2A7 /* NetworkCoreTask.swift */,
			);
			path = Enums;
			sourceTree = "<group>";
		};
		D4F6F317290C54081742E5C8 /* Main */ = {
			isa = PBXGroup;
			children = (
				20022459037253245BB36C67 /* AppDelegate.swift */,
				84ECADE6B52E0A809220103D /* SceneDelegate.swift */,
			);
			path = Main;
			sourceTree = "<group>";
		};
		E9FF37BF42DCDAB0838EBB59 /* Utils */ = {
			isa = PBXGroup;
			children = (
				3790C4C9A5BCA9664E46E260 /* Extensions */,
				1FF60ED975C5BC5B37906818 /* Mappable */,
				2CB799BA297B16ED00CB8B4B /* ViewControllerBuilder.swift */,
			);
			path = Utils;
			sourceTree = "<group>";
		};
		EA5E0EC59C285FCFFD7A3DED /* TokenParser */ = {
			isa = PBXGroup;
			children = (
				28611B87F99EC73984538D9B /* DesignTokenObject.swift */,
				37077089E77F4C273325BA7F /* TokenManager.swift */,
				763BDF588F808BC7E887E4F4 /* TokenParser.swift */,
			);
			path = TokenParser;
			sourceTree = "<group>";
		};
		EDF8A6E5AB2C66DB3C685A12 /* SupportingFiles */ = {
			isa = PBXGroup;
			children = (
				065388DC32CE9D9C75F8F65D /* Info.plist */,
			);
			path = SupportingFiles;
			sourceTree = "<group>";
		};
		F10C64328375F8FB50FD84E4 /* Color */ = {
			isa = PBXGroup;
			children = (
				A19D0CB0DBB459FFCE6D46F6 /* DSColor.swift */,
			);
			path = Color;
			sourceTree = "<group>";
		};
/* End PBXGroup section */

/* Begin PBXNativeTarget section */
		86FC803E315EE10FFDE6215C /* RickyAndMorty */ = {
			isa = PBXNativeTarget;
			buildConfigurationList = B91ED91869DAE2B966BBBE5E /* Build configuration list for PBXNativeTarget "RickyAndMorty" */;
			buildPhases = (
				21DBFDDF57CE9914A3AADE2D /* Sources */,
				F61CD0D130CC108CC330DAD9 /* Resources */,
			);
			buildRules = (
			);
			dependencies = (
			);
			name = RickyAndMorty;
			productName = RickyAndMorty;
			productReference = D5DC9A744FA23CDA4A1E7082 /* RickyAndMorty.app */;
			productType = "com.apple.product-type.application";
		};
		8BDDFB4A7515BAAB0C3280CD /* RickyAndMortyTests */ = {
			isa = PBXNativeTarget;
			buildConfigurationList = D2FEA77E92968FE80B5C4B76 /* Build configuration list for PBXNativeTarget "RickyAndMortyTests" */;
			buildPhases = (
				F05BD24C1B2CB0886E035B05 /* Sources */,
			);
			buildRules = (
			);
			dependencies = (
				C0B2AF6967FCF679F72ECA0E /* PBXTargetDependency */,
			);
			name = RickyAndMortyTests;
			productName = RickyAndMortyTests;
			productReference = 1B3E8E1B0C77B51A2CFA5365 /* RickyAndMortyTests.xctest */;
			productType = "com.apple.product-type.bundle.unit-test";
		};
/* End PBXNativeTarget section */

/* Begin PBXProject section */
		474DD927C70D7BA7D8B2F549 /* Project object */ = {
			isa = PBXProject;
			attributes = {
				LastUpgradeCheck = 1400;
				TargetAttributes = {
					86FC803E315EE10FFDE6215C = {
						ProvisioningStyle = Automatic;
					};
				};
			};
			buildConfigurationList = C92FA3ADD2E594D050BC22B1 /* Build configuration list for PBXProject "RickyAndMorty" */;
			compatibilityVersion = "Xcode 11.0";
			developmentRegion = en;
			hasScannedForEncodings = 0;
			knownRegions = (
				Base,
				en,
			);
			mainGroup = 16E59F1DB04B850B7B5410C4;
			projectDirPath = "";
			projectRoot = "";
			targets = (
				86FC803E315EE10FFDE6215C /* RickyAndMorty */,
				8BDDFB4A7515BAAB0C3280CD /* RickyAndMortyTests */,
			);
		};
/* End PBXProject section */

/* Begin PBXResourcesBuildPhase section */
		F61CD0D130CC108CC330DAD9 /* Resources */ = {
			isa = PBXResourcesBuildPhase;
			buildActionMask = 2147483647;
			files = (
				545D7C3F9795C3E640951588 /* Assets.xcassets in Resources */,
				FEAA180952180C388C374FFF /* DSTokens.json in Resources */,
				7F06C5FF0CA3B0098D106291 /* LaunchScreen.storyboard in Resources */,
			);
			runOnlyForDeploymentPostprocessing = 0;
		};
/* End PBXResourcesBuildPhase section */

/* Begin PBXSourcesBuildPhase section */
		21DBFDDF57CE9914A3AADE2D /* Sources */ = {
			isa = PBXSourcesBuildPhase;
			buildActionMask = 2147483647;
			files = (
				2CB799A7297B11DB00CB8B4B /* Array+Object.swift in Sources */,
				2CF3FDEB297E256D0052D3D6 /* CharacterDetailPresenter.swift in Sources */,
				142F56E45A85855EE6AE2BAB /* AppDelegate.swift in Sources */,
				00AF6A36AA8CCBDDA2D2EF1B /* CharacterEndpoint.swift in Sources */,
				2CB799CA297C5FC100CB8B4B /* LocationsInfo.swift in Sources */,
				CA1A50AF45F14D6E635D4CCD /* CharacterInfo.swift in Sources */,
				7F64346F46D5C0E67598587E /* CharacterLocation.swift in Sources */,
				E30C27D48BB6A38CD3630C82 /* CharacterModel.swift in Sources */,
				2CB799D1297C64E500CB8B4B /* EpisodesRequest.swift in Sources */,
				B327EC9829922B0D708A16BD /* CharacterOrigin.swift in Sources */,
				9968045B2048E68986F1B5A7 /* CharacterRequest.swift in Sources */,
				9CF34D8EC3387E7221E5C250 /* Component.swift in Sources */,
				2CB799B7297B160D00CB8B4B /* TabBarItem.swift in Sources */,
				2CF3FDD0297DA3750052D3D6 /* CharacterListInteractor.swift in Sources */,
				2CB799E0297C7B2400CB8B4B /* HomePresenter.swift in Sources */,
				A20E95212995841A6F5A08AE /* DSColor.swift in Sources */,
				2CB799E9297CD59100CB8B4B /* CharacterCell.swift in Sources */,
				2CB799E2297C7B3B00CB8B4B /* HomeProtocols.swift in Sources */,
				2CBC754B297E2CDE00A1E133 /* CharacterDetailSections.swift in Sources */,
				2CB799A5297B11C200CB8B4B /* String+Localized.swift in Sources */,
				2CB799D4297C65AA00CB8B4B /* LocationsEndpoint.swift in Sources */,
				2CB799A9297B11FA00CB8B4B /* UIColor+Extensions.swift in Sources */,
				74230FEF682D853E940FC57A /* DSFontSize.swift in Sources */,
				2CF3FDD4297DA3A50052D3D6 /* CharacterListProtocols.swift in Sources */,
				2CF3FDCE297DA3570052D3D6 /* CharacterListPresenter.swift in Sources */,
				B4162121767A54AAB2F257F0 /* DSSpacing.swift in Sources */,
				2CF3FDEF297E25A40052D3D6 /* CharacterDetailRouter.swift in Sources */,
				2CF3FDCC297DA2E00052D3D6 /* CharacterListViewController.swift in Sources */,
				34462FA43FD6C2D1F59E54FF /* DesignTokenObject.swift in Sources */,
				05B02470841ACB093C8E5D00 /* Dictionary+Extensions.swift in Sources */,
				2CF3FDC7297D7F2C0052D3D6 /* UILabel+Extensions.swift in Sources */,
				2CF3FDBD297CECC50052D3D6 /* ImageDownloader.swift in Sources */,
				2D64EE12FFDEFAC0299DE849 /* Encodable+Extensions.swift in Sources */,
				48DFE38481794FCF92CF3963 /* Info.swift in Sources */,
				2CB799C0297B1C8700CB8B4B /* HomeViewController.swift in Sources */,
				2CF3FDBF297D76030052D3D6 /* UIView+Extensions.swift in Sources */,
				304DDB5CDE994B8524D783BA /* Mappable.swift in Sources */,
				2CB799C6297C5F5A00CB8B4B /* Episodes.swift in Sources */,
				44F49AEBE3B25841F30942AD /* NetworkCore+Extensions.swift in Sources */,
				2CF3FDD6297DA5C30052D3D6 /* CharacterListControllerBuilder.swift in Sources */,
				EB17B8EA78EB3CE0A02E1BED /* NetworkCore.swift in Sources */,
				2CF3FDDE297DF9540052D3D6 /* SearchInteractor.swift in Sources */,
				2CF3FDE6297DFFDE0052D3D6 /* CharacterSearchDTO.swift in Sources */,
				9F8D0F4C7519F7D09D234A3E /* NetworkCoreConfiguration.swift in Sources */,
				E9CEFCD35FC233F692A32B2D /* NetworkCoreEndpoint.swift in Sources */,
				D2C7DEDCAB045F21ED610E7D /* NetworkCoreHandler.swift in Sources */,
				EAC6121A2CEB2499782D11A5 /* NetworkCoreLogType.swift in Sources */,
				2CF3FDE2297DF9700052D3D6 /* SearchProtocols.swift in Sources */,
				2CB799BB297B16ED00CB8B4B /* ViewControllerBuilder.swift in Sources */,
				2CF3FDDA297DF8960052D3D6 /* SearchViewController.swift in Sources */,
				A37AF3634C081C57EBD922BB /* NetworkCoreMethod.swift in Sources */,
				2CF3FDC5297D7E8F0052D3D6 /* UICollectionViewCell+Extensions.swift in Sources */,
				2CB799E6297C7C8400CB8B4B /* HomeRouter.swift in Sources */,
				2CB799AB297B121400CB8B4B /* NumberFormatter+Extensions.swift in Sources */,
				2CF3FDC1297D7CEB0052D3D6 /* CustomTextCell.swift in Sources */,
				2CB799C2297B1DD000CB8B4B /* HomeControllerBuilder.swift in Sources */,
				2CF3FDE0297DF9620052D3D6 /* SearchRouter.swift in Sources */,
				2CF3FDF3297E25C00052D3D6 /* CharacterDetailControllerBuilder.swift in Sources */,
				1ED3B0CDA9DC880174EB4969 /* NetworkCoreRequestable.swift in Sources */,
				2CF3FDC9297D8EE20052D3D6 /* SecondaryButton.swift in Sources */,
				2CF3FDED297E25870052D3D6 /* CharacterDetailInteractor.swift in Sources */,
				2CBC754D297E344700A1E133 /* UIStackView+Extensions.swift in Sources */,
				2CF3FDDC297DF9430052D3D6 /* SearchPresenter.swift in Sources */,
				2CB799E4297C7C3800CB8B4B /* HomeInteractor.swift in Sources */,
				2CF3FDF1297E25B30052D3D6 /* CharacterDetailProtocols.swift in Sources */,
				2CB799CC297C5FD500CB8B4B /* Location.swift in Sources */,
				A27BCA4FD03C7EFF16922176 /* NetworkCoreResponse.swift in Sources */,
				5D2D6ACBDF28533487E1A6F5 /* NetworkCoreTask.swift in Sources */,
				1F046B2FCC3B6499567153DE /* Properties.swift in Sources */,
				2CB799B2297B139700CB8B4B /* NavigationController.swift in Sources */,
				2CB799C8297C5F7A00CB8B4B /* Episode.swift in Sources */,
				2CF3FDE9297E25560052D3D6 /* CharacterDetailViewController.swift in Sources */,
				2CB799B9297B16B800CB8B4B /* TabBarController.swift in Sources */,
				2CB799D9297C766B00CB8B4B /* Section.swift in Sources */,
				2CB799BD297B170200CB8B4B /* TabBarControllerBuilder.swift in Sources */,
				2CF3FDE4297DFA8A0052D3D6 /* SearchControllerBuilder.swift in Sources */,
				AA5D1A62A5267D7168789F06 /* SceneDelegate.swift in Sources */,
				2CF3FDD2297DA38F0052D3D6 /* CharacterListRouter.swift in Sources */,
				BFA8EC0B254A052F2E6B5F04 /* TokenCategory.swift in Sources */,
				2CB799CF297C60AA00CB8B4B /* EpisodesEndpoint.swift in Sources */,
				B530BDEFB63DC05CBC7BA421 /* TokenManager.swift in Sources */,
				5C1D05738EF69B893041DD2C /* TokenParser.swift in Sources */,
				2CB799AF297B134500CB8B4B /* PrimaryButton.swift in Sources */,
				2CB799DE297C790C00CB8B4B /* SectionHeader.swift in Sources */,
				2CB799D6297C65CA00CB8B4B /* LocationRequest.swift in Sources */,
				F6A28D93DE5E49341287B07C /* TokenType.swift in Sources */,
			);
			runOnlyForDeploymentPostprocessing = 0;
		};
		F05BD24C1B2CB0886E035B05 /* Sources */ = {
			isa = PBXSourcesBuildPhase;
			buildActionMask = 2147483647;
			files = (
				6FBE68E60848251CC687DA80 /* RickyAndMortyTests.swift in Sources */,
			);
			runOnlyForDeploymentPostprocessing = 0;
		};
/* End PBXSourcesBuildPhase section */

/* Begin PBXTargetDependency section */
		C0B2AF6967FCF679F72ECA0E /* PBXTargetDependency */ = {
			isa = PBXTargetDependency;
			target = 86FC803E315EE10FFDE6215C /* RickyAndMorty */;
			targetProxy = 896C1DA94C32A25716E5D7CE /* PBXContainerItemProxy */;
		};
/* End PBXTargetDependency section */

/* Begin PBXVariantGroup section */
		C9A0DD4ADB90C09808E1BA1A /* LaunchScreen.storyboard */ = {
			isa = PBXVariantGroup;
			children = (
				4A77B4CC77B82FC5FD2B610C /* Base */,
			);
			name = LaunchScreen.storyboard;
			sourceTree = "<group>";
		};
/* End PBXVariantGroup section */

/* Begin XCBuildConfiguration section */
		055AD32485A9D58D62D71A73 /* Release */ = {
			isa = XCBuildConfiguration;
			buildSettings = {
				ASSETCATALOG_COMPILER_APPICON_NAME = AppIcon;
				CODE_SIGN_IDENTITY = "iPhone Developer";
				CODE_SIGN_STYLE = Automatic;
				CURRENT_PROJECT_VERSION = 1;
				ENABLE_BITCODE = YES;
				INFOPLIST_FILE = RickyAndMorty/SupportingFiles/Info.plist;
				LD_RUNPATH_SEARCH_PATHS = (
					"$(inherited)",
					"@executable_path/Frameworks",
				);
				PRODUCT_BUNDLE_IDENTIFIER = com.viniciusalbino.RickyAndMorty;
				SDKROOT = iphoneos;
				TARGETED_DEVICE_FAMILY = "1,2";
			};
			name = Release;
		};
		0A8CD4F8E73C615C57DB4732 /* Release */ = {
			isa = XCBuildConfiguration;
			buildSettings = {
				BUNDLE_LOADER = "$(TEST_HOST)";
				LD_RUNPATH_SEARCH_PATHS = (
					"$(inherited)",
					"@executable_path/Frameworks",
					"@loader_path/Frameworks",
				);
				SDKROOT = iphoneos;
				TARGETED_DEVICE_FAMILY = "1,2";
				TEST_HOST = "$(BUILT_PRODUCTS_DIR)/RickyAndMorty.app/RickyAndMorty";
			};
			name = Release;
		};
		2FEC800F4C2927B4EA94353D /* Release */ = {
			isa = XCBuildConfiguration;
			buildSettings = {
				ALWAYS_EMBED_SWIFT_STANDARD_LIBRARIES = YES;
				ALWAYS_SEARCH_USER_PATHS = NO;
				CLANG_ANALYZER_NONNULL = YES;
				CLANG_ANALYZER_NUMBER_OBJECT_CONVERSION = YES_AGGRESSIVE;
				CLANG_CXX_LANGUAGE_STANDARD = "gnu++14";
				CLANG_CXX_LIBRARY = "libc++";
				CLANG_ENABLE_MODULES = YES;
				CLANG_ENABLE_OBJC_ARC = YES;
				CLANG_ENABLE_OBJC_WEAK = YES;
				CLANG_WARN_BLOCK_CAPTURE_AUTORELEASING = YES;
				CLANG_WARN_BOOL_CONVERSION = YES;
				CLANG_WARN_COMMA = YES;
				CLANG_WARN_CONSTANT_CONVERSION = YES;
				CLANG_WARN_DEPRECATED_OBJC_IMPLEMENTATIONS = YES;
				CLANG_WARN_DIRECT_OBJC_ISA_USAGE = YES_ERROR;
				CLANG_WARN_DOCUMENTATION_COMMENTS = YES;
				CLANG_WARN_EMPTY_BODY = YES;
				CLANG_WARN_ENUM_CONVERSION = YES;
				CLANG_WARN_INFINITE_RECURSION = YES;
				CLANG_WARN_INT_CONVERSION = YES;
				CLANG_WARN_NON_LITERAL_NULL_CONVERSION = YES;
				CLANG_WARN_OBJC_IMPLICIT_RETAIN_SELF = YES;
				CLANG_WARN_OBJC_LITERAL_CONVERSION = YES;
				CLANG_WARN_OBJC_ROOT_CLASS = YES_ERROR;
				CLANG_WARN_QUOTED_INCLUDE_IN_FRAMEWORK_HEADER = YES;
				CLANG_WARN_RANGE_LOOP_ANALYSIS = YES;
				CLANG_WARN_STRICT_PROTOTYPES = YES;
				CLANG_WARN_SUSPICIOUS_MOVE = YES;
				CLANG_WARN_UNGUARDED_AVAILABILITY = YES_AGGRESSIVE;
				CLANG_WARN_UNREACHABLE_CODE = YES;
				CLANG_WARN__DUPLICATE_METHOD_MATCH = YES;
				CODE_SIGN_IDENTITY = "Apple Development";
				COPY_PHASE_STRIP = NO;
				DEBUG_INFORMATION_FORMAT = "dwarf-with-dsym";
				ENABLE_NS_ASSERTIONS = NO;
				ENABLE_STRICT_OBJC_MSGSEND = YES;
				GCC_C_LANGUAGE_STANDARD = gnu11;
				GCC_NO_COMMON_BLOCKS = YES;
				GCC_WARN_64_TO_32_BIT_CONVERSION = YES;
				GCC_WARN_ABOUT_RETURN_TYPE = YES_ERROR;
				GCC_WARN_UNDECLARED_SELECTOR = YES;
				GCC_WARN_UNINITIALIZED_AUTOS = YES_AGGRESSIVE;
				GCC_WARN_UNUSED_FUNCTION = YES;
				GCC_WARN_UNUSED_VARIABLE = YES;
				IPHONEOS_DEPLOYMENT_TARGET = 16.0;
				MARKETING_VERSION = 1.0.0;
				MTL_ENABLE_DEBUG_INFO = NO;
				MTL_FAST_MATH = YES;
				PRODUCT_NAME = "$(TARGET_NAME)";
				SDKROOT = iphoneos;
				SWIFT_COMPILATION_MODE = wholemodule;
				SWIFT_OPTIMIZATION_LEVEL = "-O";
				SWIFT_VERSION = 5.0;
				VERSIONING_SYSTEM = "apple-generic";
			};
			name = Release;
		};
		55DDFC03CA7C1F0C63999AF6 /* Debug */ = {
			isa = XCBuildConfiguration;
			buildSettings = {
				ALWAYS_EMBED_SWIFT_STANDARD_LIBRARIES = YES;
				ALWAYS_SEARCH_USER_PATHS = NO;
				CLANG_ANALYZER_NONNULL = YES;
				CLANG_ANALYZER_NUMBER_OBJECT_CONVERSION = YES_AGGRESSIVE;
				CLANG_CXX_LANGUAGE_STANDARD = "gnu++14";
				CLANG_CXX_LIBRARY = "libc++";
				CLANG_ENABLE_MODULES = YES;
				CLANG_ENABLE_OBJC_ARC = YES;
				CLANG_ENABLE_OBJC_WEAK = YES;
				CLANG_WARN_BLOCK_CAPTURE_AUTORELEASING = YES;
				CLANG_WARN_BOOL_CONVERSION = YES;
				CLANG_WARN_COMMA = YES;
				CLANG_WARN_CONSTANT_CONVERSION = YES;
				CLANG_WARN_DEPRECATED_OBJC_IMPLEMENTATIONS = YES;
				CLANG_WARN_DIRECT_OBJC_ISA_USAGE = YES_ERROR;
				CLANG_WARN_DOCUMENTATION_COMMENTS = YES;
				CLANG_WARN_EMPTY_BODY = YES;
				CLANG_WARN_ENUM_CONVERSION = YES;
				CLANG_WARN_INFINITE_RECURSION = YES;
				CLANG_WARN_INT_CONVERSION = YES;
				CLANG_WARN_NON_LITERAL_NULL_CONVERSION = YES;
				CLANG_WARN_OBJC_IMPLICIT_RETAIN_SELF = YES;
				CLANG_WARN_OBJC_LITERAL_CONVERSION = YES;
				CLANG_WARN_OBJC_ROOT_CLASS = YES_ERROR;
				CLANG_WARN_QUOTED_INCLUDE_IN_FRAMEWORK_HEADER = YES;
				CLANG_WARN_RANGE_LOOP_ANALYSIS = YES;
				CLANG_WARN_STRICT_PROTOTYPES = YES;
				CLANG_WARN_SUSPICIOUS_MOVE = YES;
				CLANG_WARN_UNGUARDED_AVAILABILITY = YES_AGGRESSIVE;
				CLANG_WARN_UNREACHABLE_CODE = YES;
				CLANG_WARN__DUPLICATE_METHOD_MATCH = YES;
				CODE_SIGN_IDENTITY = "Apple Development";
				COPY_PHASE_STRIP = NO;
				DEBUG_INFORMATION_FORMAT = dwarf;
				ENABLE_STRICT_OBJC_MSGSEND = YES;
				ENABLE_TESTABILITY = YES;
				GCC_C_LANGUAGE_STANDARD = gnu11;
				GCC_DYNAMIC_NO_PIC = NO;
				GCC_NO_COMMON_BLOCKS = YES;
				GCC_OPTIMIZATION_LEVEL = 0;
				GCC_PREPROCESSOR_DEFINITIONS = (
					"$(inherited)",
					"DEBUG=1",
				);
				GCC_WARN_64_TO_32_BIT_CONVERSION = YES;
				GCC_WARN_ABOUT_RETURN_TYPE = YES_ERROR;
				GCC_WARN_UNDECLARED_SELECTOR = YES;
				GCC_WARN_UNINITIALIZED_AUTOS = YES_AGGRESSIVE;
				GCC_WARN_UNUSED_FUNCTION = YES;
				GCC_WARN_UNUSED_VARIABLE = YES;
				IPHONEOS_DEPLOYMENT_TARGET = 16.0;
				MARKETING_VERSION = 1.0.0;
				MTL_ENABLE_DEBUG_INFO = INCLUDE_SOURCE;
				MTL_FAST_MATH = YES;
				ONLY_ACTIVE_ARCH = YES;
				PRODUCT_NAME = "$(TARGET_NAME)";
				SDKROOT = iphoneos;
				SWIFT_ACTIVE_COMPILATION_CONDITIONS = DEBUG;
				SWIFT_OPTIMIZATION_LEVEL = "-Onone";
				SWIFT_VERSION = 5.0;
				VERSIONING_SYSTEM = "apple-generic";
			};
			name = Debug;
		};
		7D77D186083C13B06BC8B672 /* Debug */ = {
			isa = XCBuildConfiguration;
			buildSettings = {
				ASSETCATALOG_COMPILER_APPICON_NAME = AppIcon;
				CODE_SIGN_IDENTITY = "iPhone Developer";
				CODE_SIGN_STYLE = Automatic;
				CURRENT_PROJECT_VERSION = 1;
				ENABLE_BITCODE = YES;
				INFOPLIST_FILE = RickyAndMorty/SupportingFiles/Info.plist;
				LD_RUNPATH_SEARCH_PATHS = (
					"$(inherited)",
					"@executable_path/Frameworks",
				);
				PRODUCT_BUNDLE_IDENTIFIER = com.viniciusalbino.RickyAndMorty;
				SDKROOT = iphoneos;
				TARGETED_DEVICE_FAMILY = "1,2";
			};
			name = Debug;
		};
		8809E11F41A313D94A58478D /* Debug */ = {
			isa = XCBuildConfiguration;
			buildSettings = {
				BUNDLE_LOADER = "$(TEST_HOST)";
				LD_RUNPATH_SEARCH_PATHS = (
					"$(inherited)",
					"@executable_path/Frameworks",
					"@loader_path/Frameworks",
				);
				SDKROOT = iphoneos;
				TARGETED_DEVICE_FAMILY = "1,2";
				TEST_HOST = "$(BUILT_PRODUCTS_DIR)/RickyAndMorty.app/RickyAndMorty";
			};
			name = Debug;
		};
/* End XCBuildConfiguration section */

/* Begin XCConfigurationList section */
		B91ED91869DAE2B966BBBE5E /* Build configuration list for PBXNativeTarget "RickyAndMorty" */ = {
			isa = XCConfigurationList;
			buildConfigurations = (
				7D77D186083C13B06BC8B672 /* Debug */,
				055AD32485A9D58D62D71A73 /* Release */,
			);
			defaultConfigurationIsVisible = 0;
			defaultConfigurationName = Debug;
		};
		C92FA3ADD2E594D050BC22B1 /* Build configuration list for PBXProject "RickyAndMorty" */ = {
			isa = XCConfigurationList;
			buildConfigurations = (
				55DDFC03CA7C1F0C63999AF6 /* Debug */,
				2FEC800F4C2927B4EA94353D /* Release */,
			);
			defaultConfigurationIsVisible = 0;
			defaultConfigurationName = Debug;
		};
		D2FEA77E92968FE80B5C4B76 /* Build configuration list for PBXNativeTarget "RickyAndMortyTests" */ = {
			isa = XCConfigurationList;
			buildConfigurations = (
				8809E11F41A313D94A58478D /* Debug */,
				0A8CD4F8E73C615C57DB4732 /* Release */,
			);
			defaultConfigurationIsVisible = 0;
			defaultConfigurationName = Debug;
		};
/* End XCConfigurationList section */
	};
	rootObject = 474DD927C70D7BA7D8B2F549 /* Project object */;
}
